{
  "name": "carelog-pdf-renderer",
  "version": "1.0.0",
  "lockfileVersion": 1,
  "requires": true,
  "dependencies": {
    "@react-pdf/fontkit": {
      "version": "1.13.0",
      "resolved": "https://registry.npmjs.org/@react-pdf/fontkit/-/fontkit-1.13.0.tgz",
      "integrity": "sha512-g4rxtkSkEbIwDoqZc6ZM2yHq/imqmgGXQuMDnrkM2yI9TpTGhQfJGnz9IrCadrRgOrEx9orxRuTALOxzAce7Kg==",
      "requires": {
        "@react-pdf/unicode-properties": "^2.2.0",
        "brotli": "^1.2.0",
        "clone": "^1.0.1",
        "deep-equal": "^1.0.0",
        "dfa": "^1.0.0",
        "restructure": "^0.5.3",
        "tiny-inflate": "^1.0.2",
        "unicode-trie": "^0.3.0"
      }
    },
    "@react-pdf/pdfkit": {
      "version": "1.2.0",
      "resolved": "https://registry.npmjs.org/@react-pdf/pdfkit/-/pdfkit-1.2.0.tgz",
      "integrity": "sha1-9f4ohXhWdTbljeGZij4T7i5KyTA=",
      "requires": {
        "@react-pdf/fontkit": "^1.11.0",
        "@react-pdf/png-js": "^1.0.0",
        "lz-string": "^1.4.4"
      }
    },
    "@react-pdf/png-js": {
      "version": "1.0.0",
      "resolved": "https://registry.npmjs.org/@react-pdf/png-js/-/png-js-1.0.0.tgz",
      "integrity": "sha1-APy5adykzoKgp2c0E63gOeR7Nh4="
    },
    "@react-pdf/renderer": {
      "version": "1.4.0",
      "resolved": "https://registry.npmjs.org/@react-pdf/renderer/-/renderer-1.4.0.tgz",
      "integrity": "sha512-cfojfOz5GaEaLT93BpCRSTgnelvMGgzXwlDjrvR/Mk8Na51c0d4Cd3hy7Sp5zQ55GWkjUeXzUozFLyC2nbkH+Q==",
      "requires": {
        "@react-pdf/fontkit": "^1.13.0",
        "@react-pdf/pdfkit": "^1.2.0",
        "@react-pdf/png-js": "^1.0.0",
        "@react-pdf/script-itemizer": "^0.2.1",
        "@react-pdf/textkit-core": "0.2.5",
        "@textkit/justification-engine": "^0.1.9",
        "@textkit/pdf-renderer": "^0.1.13",
        "@textkit/text-decoration-engine": "^0.1.10",
        "babel-runtime": "^6.26.0",
        "blob-stream": "^0.1.3",
        "cross-fetch": "^3.0.1",
        "emoji-regex": "^7.0.3",
        "hyphenation.en-us": "^0.2.1",
        "hypher": "^0.2.5",
        "is-url": "^1.2.2",
        "lodash.groupby": "^4.6.0",
        "lodash.isfunction": "^3.0.8",
        "lodash.merge": "^4.6.1",
        "lodash.pick": "^4.4.0",
        "lodash.topairsin": "^4.3.0",
        "media-engine": "^1.0.3",
        "page-wrapping": "^1.1.0",
        "react": "^16.4.1",
        "react-reconciler": "^0.19.1",
        "yoga-layout-prebuilt": "1.9.3"
      }
    },
    "@react-pdf/script-itemizer": {
      "version": "0.2.1",
      "resolved": "https://registry.npmjs.org/@react-pdf/script-itemizer/-/script-itemizer-0.2.1.tgz",
      "integrity": "sha512-2tK9HlhZkjuz2qx63JL79GSOnbdA9pXrpThX/iLpDvNHLTiQUBj2YAekQAbM6wQZexccVSDON7adfFaSRKFXlQ==",
      "requires": {
        "@react-pdf/unicode-properties": "^2.2.0"
      }
    },
    "@react-pdf/textkit-core": {
      "version": "0.2.5",
      "resolved": "https://registry.npmjs.org/@react-pdf/textkit-core/-/textkit-core-0.2.5.tgz",
      "integrity": "sha512-8OhToPefEPfLpHno+vxgyCazEPa5GFpMaL5T+dtmjjxXneZwUCVj+QL9iz8x6HM3G7F58CHogZllWN9d+zvDIg==",
      "requires": {
        "@react-pdf/unicode-properties": "^2.2.0",
        "cubic2quad": "^1.1.0"
      }
    },
    "@react-pdf/unicode-properties": {
      "version": "2.2.0",
      "resolved": "https://registry.npmjs.org/@react-pdf/unicode-properties/-/unicode-properties-2.2.0.tgz",
      "integrity": "sha1-8QnqrCRM6xCAEdQDjO5Mx4fLQPM=",
      "requires": {
        "unicode-trie": "^0.3.0"
      }
    },
    "@textkit/justification-engine": {
      "version": "0.1.9",
      "resolved": "https://registry.npmjs.org/@textkit/justification-engine/-/justification-engine-0.1.9.tgz",
      "integrity": "sha512-LY3+XRiWImoOqGKPBch66WI8rpOdn0aRF6rxkKKbSmcPQ7nFOpNOj2F4oaqCe/RnZWzHx2AzNlU1jMahDIlEig==",
      "requires": {
        "lodash.clone": "^4.5.0",
        "lodash.merge": "^4.6.1"
      }
    },
    "@textkit/pdf-renderer": {
      "version": "0.1.13",
      "resolved": "https://registry.npmjs.org/@textkit/pdf-renderer/-/pdf-renderer-0.1.13.tgz",
      "integrity": "sha512-SWJW94wo4oWXS7VuGsZmJEZveM1UlGALMdIB/EDj+0qGRnf/X4yULIb2cIa8uJZ9juj7zRutLSLofAjHVq4lXw=="
    },
    "@textkit/text-decoration-engine": {
      "version": "0.1.10",
      "resolved": "https://registry.npmjs.org/@textkit/text-decoration-engine/-/text-decoration-engine-0.1.10.tgz",
      "integrity": "sha512-Nb/rPpHsz6OAHqJGBdEfxK1PIArQQoYMimnjMj9JTB5wzscEuHp7sj3wcV4Xvd1RshkbJEfWV5zTDB0Lghl5ig=="
    },
    "accepts": {
      "version": "1.3.5",
      "resolved": "https://registry.npmjs.org/accepts/-/accepts-1.3.5.tgz",
      "integrity": "sha1-63d99gEXI6OxTopywIBcjoZ0a9I=",
      "requires": {
        "mime-types": "~2.1.18",
        "negotiator": "0.6.1"
      }
    },
    "amdefine": {
      "version": "1.0.1",
      "resolved": "https://registry.npmjs.org/amdefine/-/amdefine-1.0.1.tgz",
      "integrity": "sha1-SlKCrBZHKek2Gbz9OtFR+BfOkfU=",
      "optional": true
    },
    "any-promise": {
      "version": "1.3.0",
      "resolved": "https://registry.npmjs.org/any-promise/-/any-promise-1.3.0.tgz",
      "integrity": "sha1-q8av7tzqUugJzcA3au0845Y10X8="
    },
    "ast-transform": {
      "version": "0.0.0",
      "resolved": "https://registry.npmjs.org/ast-transform/-/ast-transform-0.0.0.tgz",
      "integrity": "sha1-dJRAWIh9goPhidlUYAlHvJj+AGI=",
      "requires": {
        "escodegen": "~1.2.0",
        "esprima": "~1.0.4",
        "through": "~2.3.4"
      }
    },
    "ast-types": {
      "version": "0.7.8",
      "resolved": "https://registry.npmjs.org/ast-types/-/ast-types-0.7.8.tgz",
      "integrity": "sha1-kC0uDWDQcb3NRtwRXhgJ7RHBOKk="
    },
    "babel-runtime": {
      "version": "6.26.0",
      "resolved": "https://registry.npmjs.org/babel-runtime/-/babel-runtime-6.26.0.tgz",
      "integrity": "sha1-llxwWGaOgrVde/4E/yM3vItWR/4=",
      "requires": {
        "core-js": "^2.4.0",
        "regenerator-runtime": "^0.11.0"
      }
    },
    "base64-js": {
      "version": "1.3.0",
      "resolved": "https://registry.npmjs.org/base64-js/-/base64-js-1.3.0.tgz",
      "integrity": "sha512-ccav/yGvoa80BQDljCxsmmQ3Xvx60/UpBIij5QN21W3wBi/hhIC9OoO+KLpu9IJTS9j4DRVJ3aDDF9cMSoa2lw=="
    },
    "blob": {
      "version": "0.0.4",
      "resolved": "https://registry.npmjs.org/blob/-/blob-0.0.4.tgz",
      "integrity": "sha1-vPEwUspURj8w+fx+lbmkdjCpSSE="
    },
    "blob-stream": {
      "version": "0.1.3",
      "resolved": "https://registry.npmjs.org/blob-stream/-/blob-stream-0.1.3.tgz",
      "integrity": "sha1-mNZor2mW4PMu9mbQbiFczH13aGw=",
      "requires": {
        "blob": "0.0.4"
      }
    },
    "brotli": {
      "version": "1.3.2",
      "resolved": "https://registry.npmjs.org/brotli/-/brotli-1.3.2.tgz",
      "integrity": "sha1-UlqcrU/LqWR119OI9q7LE+7VL0Y=",
      "requires": {
        "base64-js": "^1.1.2"
      }
    },
    "browser-resolve": {
      "version": "1.11.3",
      "resolved": "https://registry.npmjs.org/browser-resolve/-/browser-resolve-1.11.3.tgz",
      "integrity": "sha512-exDi1BYWB/6raKHmDTCicQfTkqwN5fioMFV4j8BsfMU4R2DK/QfZfK7kOVkmWCNANf0snkBzqGqAJBao9gZMdQ==",
      "requires": {
        "resolve": "1.1.7"
      }
    },
    "browserify-optional": {
      "version": "1.0.1",
      "resolved": "https://registry.npmjs.org/browserify-optional/-/browserify-optional-1.0.1.tgz",
      "integrity": "sha1-HhNyLP3g2F8SFnbCpyztUzoBiGk=",
      "requires": {
        "ast-transform": "0.0.0",
        "ast-types": "^0.7.0",
        "browser-resolve": "^1.8.1"
      }
    },
    "cache-content-type": {
      "version": "1.0.1",
      "resolved": "https://registry.npmjs.org/cache-content-type/-/cache-content-type-1.0.1.tgz",
      "integrity": "sha512-IKufZ1o4Ut42YUrZSo8+qnMTrFuKkvyoLXUywKz9GJ5BrhOFGhLdkx9sG4KAnVvbY6kEcSFjLQul+DVmBm2bgA==",
      "requires": {
        "mime-types": "^2.1.18",
        "ylru": "^1.2.0"
      }
    },
    "clone": {
      "version": "1.0.4",
      "resolved": "https://registry.npmjs.org/clone/-/clone-1.0.4.tgz",
      "integrity": "sha1-2jCcwmPfFZlMaIypAheco8fNfH4="
    },
    "co": {
      "version": "4.6.0",
      "resolved": "https://registry.npmjs.org/co/-/co-4.6.0.tgz",
      "integrity": "sha1-bqa989hTrlTMuOR7+gvz+QMfsYQ="
    },
    "content-disposition": {
      "version": "0.5.3",
      "resolved": "https://registry.npmjs.org/content-disposition/-/content-disposition-0.5.3.tgz",
      "integrity": "sha512-ExO0774ikEObIAEV9kDo50o+79VCUdEB6n6lzKgGwupcVeRlhrj3qGAfwq8G6uBJjkqLrhT0qEYFcWng8z1z0g==",
      "requires": {
        "safe-buffer": "5.1.2"
      }
    },
    "content-type": {
      "version": "1.0.4",
      "resolved": "https://registry.npmjs.org/content-type/-/content-type-1.0.4.tgz",
      "integrity": "sha512-hIP3EEPs8tB9AT1L+NUqtwOAps4mk2Zob89MWXMHjHWg9milF/j4osnnQLXBCBFBk/tvIG/tUc9mOUJiPBhPXA=="
    },
    "cookies": {
      "version": "0.7.3",
      "resolved": "https://registry.npmjs.org/cookies/-/cookies-0.7.3.tgz",
      "integrity": "sha512-+gixgxYSgQLTaTIilDHAdlNPZDENDQernEMiIcZpYYP14zgHsCt4Ce1FEjFtcp6GefhozebB6orvhAAWx/IS0A==",
      "requires": {
        "depd": "~1.1.2",
        "keygrip": "~1.0.3"
      }
    },
    "core-js": {
      "version": "2.6.5",
      "resolved": "https://registry.npmjs.org/core-js/-/core-js-2.6.5.tgz",
      "integrity": "sha512-klh/kDpwX8hryYL14M9w/xei6vrv6sE8gTHDG7/T/+SEovB/G4ejwcfE/CBzO6Edsu+OETZMZ3wcX/EjUkrl5A=="
    },
    "cross-fetch": {
      "version": "3.0.1",
      "resolved": "https://registry.npmjs.org/cross-fetch/-/cross-fetch-3.0.1.tgz",
      "integrity": "sha512-qWtpgBAF8ioqBOddRD+pHhrdzm/UWOArkrlIU7c08DlNbOxo5GfUbSY2vr90ZypWf0raW+HNN1F38pi5CEOjiQ==",
      "requires": {
        "node-fetch": "2.3.0",
        "whatwg-fetch": "3.0.0"
      }
    },
    "cubic2quad": {
      "version": "1.1.1",
      "resolved": "https://registry.npmjs.org/cubic2quad/-/cubic2quad-1.1.1.tgz",
      "integrity": "sha1-abGcYaP1tB7PLx1fro+wNBWqixU="
    },
    "debug": {
      "version": "3.1.0",
      "resolved": "https://registry.npmjs.org/debug/-/debug-3.1.0.tgz",
      "integrity": "sha512-OX8XqP7/1a9cqkxYw2yXss15f26NKWBpDXQd0/uK/KPqdQhxbPa994hnzjcE2VqQpDslf55723cKPUOGSmMY3g==",
      "requires": {
        "ms": "2.0.0"
      }
    },
    "deep-equal": {
      "version": "1.0.1",
      "resolved": "https://registry.npmjs.org/deep-equal/-/deep-equal-1.0.1.tgz",
      "integrity": "sha1-9dJgKStmDghO/0zbyfCK0yR0SLU="
    },
    "delegates": {
      "version": "1.0.0",
      "resolved": "https://registry.npmjs.org/delegates/-/delegates-1.0.0.tgz",
      "integrity": "sha1-hMbhWbgZBP3KWaDvRM2HDTElD5o="
    },
    "depd": {
      "version": "1.1.2",
      "resolved": "https://registry.npmjs.org/depd/-/depd-1.1.2.tgz",
      "integrity": "sha1-m81S4UwJd2PnSbJ0xDRu0uVgtak="
    },
    "destroy": {
      "version": "1.0.4",
      "resolved": "https://registry.npmjs.org/destroy/-/destroy-1.0.4.tgz",
      "integrity": "sha1-l4hXRCxEdJ5CBmE+N5RiBYJqvYA="
    },
    "dfa": {
      "version": "1.1.0",
      "resolved": "https://registry.npmjs.org/dfa/-/dfa-1.1.0.tgz",
      "integrity": "sha1-0wIYvRDQMPpCHfPrvIIoVGOjF4E=",
      "requires": {
        "babel-runtime": "^6.11.6"
      }
    },
    "ee-first": {
      "version": "1.1.1",
      "resolved": "https://registry.npmjs.org/ee-first/-/ee-first-1.1.1.tgz",
      "integrity": "sha1-WQxhFWsK4vTwJVcyoViyZrxWsh0="
    },
    "emoji-regex": {
      "version": "7.0.3",
      "resolved": "https://registry.npmjs.org/emoji-regex/-/emoji-regex-7.0.3.tgz",
      "integrity": "sha512-CwBLREIQ7LvYFB0WyRvwhq5N5qPhc6PMjD6bYggFlI5YyDgl+0vxq5VHbMOFqLg7hfWzmu8T5Z1QofhmTIhItA=="
    },
    "error-inject": {
      "version": "1.0.0",
      "resolved": "https://registry.npmjs.org/error-inject/-/error-inject-1.0.0.tgz",
      "integrity": "sha1-4rPZG1Su1nLzCdlQ0VSFD6EdTzc="
    },
    "escape-html": {
      "version": "1.0.3",
      "resolved": "https://registry.npmjs.org/escape-html/-/escape-html-1.0.3.tgz",
      "integrity": "sha1-Aljq5NPQwJdN4cFpGI7wBR0dGYg="
    },
    "escodegen": {
      "version": "1.2.0",
      "resolved": "https://registry.npmjs.org/escodegen/-/escodegen-1.2.0.tgz",
      "integrity": "sha1-Cd55Z3kcyVi3+Jot220jRRrzJ+E=",
      "requires": {
        "esprima": "~1.0.4",
        "estraverse": "~1.5.0",
        "esutils": "~1.0.0",
        "source-map": "~0.1.30"
      }
    },
    "esprima": {
      "version": "1.0.4",
      "resolved": "https://registry.npmjs.org/esprima/-/esprima-1.0.4.tgz",
      "integrity": "sha1-n1V+CPw7TSbs6d00+Pv0drYlha0="
    },
    "estraverse": {
      "version": "1.5.1",
      "resolved": "https://registry.npmjs.org/estraverse/-/estraverse-1.5.1.tgz",
      "integrity": "sha1-hno+jlip+EYYr7bC3bzZFrfLr3E="
    },
    "esutils": {
      "version": "1.0.0",
      "resolved": "https://registry.npmjs.org/esutils/-/esutils-1.0.0.tgz",
      "integrity": "sha1-gVHTWOIMisx/t0XnRywAJf5JZXA="
    },
    "fresh": {
      "version": "0.5.2",
      "resolved": "https://registry.npmjs.org/fresh/-/fresh-0.5.2.tgz",
      "integrity": "sha1-PYyt2Q2XZWn6g1qx+OSyOhBWBac="
    },
    "http-assert": {
      "version": "1.4.0",
      "resolved": "https://registry.npmjs.org/http-assert/-/http-assert-1.4.0.tgz",
      "integrity": "sha512-tPVv62a6l3BbQoM/N5qo969l0OFxqpnQzNUPeYfTP6Spo4zkgWeDBD1D5thI7sDLg7jCCihXTLB0X8UtdyAy8A==",
      "requires": {
        "deep-equal": "~1.0.1",
        "http-errors": "~1.7.1"
      }
    },
    "http-errors": {
      "version": "1.7.2",
      "resolved": "https://registry.npmjs.org/http-errors/-/http-errors-1.7.2.tgz",
      "integrity": "sha512-uUQBt3H/cSIVfch6i1EuPNy/YsRSOUBXTVfZ+yR7Zjez3qjBz6i9+i4zjNaoqcoFVI4lQJ5plg63TvGfRSDCRg==",
      "requires": {
        "depd": "~1.1.2",
        "inherits": "2.0.3",
        "setprototypeof": "1.1.1",
        "statuses": ">= 1.5.0 < 2",
        "toidentifier": "1.0.0"
      }
    },
    "hyphenation.en-us": {
      "version": "0.2.1",
      "resolved": "https://registry.npmjs.org/hyphenation.en-us/-/hyphenation.en-us-0.2.1.tgz",
      "integrity": "sha1-a5NzI/9A2kdOy4wH6ut51q4o/tg=",
      "requires": {
        "hypher": "*"
      }
    },
    "hypher": {
      "version": "0.2.5",
      "resolved": "https://registry.npmjs.org/hypher/-/hypher-0.2.5.tgz",
      "integrity": "sha1-L+RW7So/1O0NnkKGFxgcWfmm3QI="
    },
    "inherits": {
      "version": "2.0.3",
      "resolved": "https://registry.npmjs.org/inherits/-/inherits-2.0.3.tgz",
      "integrity": "sha1-Yzwsg+PaQqUC9SRmAiSA9CCCYd4="
    },
    "is-generator-function": {
      "version": "1.0.7",
      "resolved": "https://registry.npmjs.org/is-generator-function/-/is-generator-function-1.0.7.tgz",
      "integrity": "sha512-YZc5EwyO4f2kWCax7oegfuSr9mFz1ZvieNYBEjmukLxgXfBUbxAWGVF7GZf0zidYtoBl3WvC07YK0wT76a+Rtw=="
    },
    "is-url": {
      "version": "1.2.4",
      "resolved": "https://registry.npmjs.org/is-url/-/is-url-1.2.4.tgz",
      "integrity": "sha512-ITvGim8FhRiYe4IQ5uHSkj7pVaPDrCTkNd3yq3cV7iZAcJdHTUMPMEHcqSOy9xZ9qFenQCvi+2wjH9a1nXqHww=="
    },
    "js-tokens": {
      "version": "4.0.0",
      "resolved": "https://registry.npmjs.org/js-tokens/-/js-tokens-4.0.0.tgz",
      "integrity": "sha512-RdJUflcE3cUzKiMqQgsCu06FPu9UdIJO0beYbPhHN4k6apgJtifcoCtT9bcxOpYBtpD2kCM6Sbzg4CausW/PKQ=="
    },
    "keygrip": {
      "version": "1.0.3",
      "resolved": "https://registry.npmjs.org/keygrip/-/keygrip-1.0.3.tgz",
      "integrity": "sha512-/PpesirAIfaklxUzp4Yb7xBper9MwP6hNRA6BGGUFCgbJ+BM5CKBtsoxinNXkLHAr+GXS1/lSlF2rP7cv5Fl+g=="
    },
    "koa": {
      "version": "2.7.0",
      "resolved": "https://registry.npmjs.org/koa/-/koa-2.7.0.tgz",
      "integrity": "sha512-7ojD05s2Q+hFudF8tDLZ1CpCdVZw8JQELWSkcfG9bdtoTDzMmkRF6BQBU7JzIzCCOY3xd3tftiy/loHBUYaY2Q==",
      "requires": {
        "accepts": "^1.3.5",
        "cache-content-type": "^1.0.0",
        "content-disposition": "~0.5.2",
        "content-type": "^1.0.4",
        "cookies": "~0.7.1",
        "debug": "~3.1.0",
        "delegates": "^1.0.0",
        "depd": "^1.1.2",
        "destroy": "^1.0.4",
        "error-inject": "^1.0.0",
        "escape-html": "^1.0.3",
        "fresh": "~0.5.2",
        "http-assert": "^1.3.0",
        "http-errors": "^1.6.3",
        "is-generator-function": "^1.0.7",
        "koa-compose": "^4.1.0",
        "koa-convert": "^1.2.0",
        "koa-is-json": "^1.0.0",
        "on-finished": "^2.3.0",
        "only": "~0.0.2",
        "parseurl": "^1.3.2",
        "statuses": "^1.5.0",
        "type-is": "^1.6.16",
        "vary": "^1.1.2"
      }
    },
    "koa-compose": {
      "version": "4.1.0",
      "resolved": "https://registry.npmjs.org/koa-compose/-/koa-compose-4.1.0.tgz",
      "integrity": "sha512-8ODW8TrDuMYvXRwra/Kh7/rJo9BtOfPc6qO8eAfC80CnCvSjSl0bkRM24X6/XBBEyj0v1nRUQ1LyOy3dbqOWXw=="
    },
    "koa-convert": {
      "version": "1.2.0",
      "resolved": "https://registry.npmjs.org/koa-convert/-/koa-convert-1.2.0.tgz",
      "integrity": "sha1-2kCHXfSd4FOQmNFwC1CCDOvNIdA=",
      "requires": {
        "co": "^4.6.0",
        "koa-compose": "^3.0.0"
      },
      "dependencies": {
        "koa-compose": {
          "version": "3.2.1",
          "resolved": "https://registry.npmjs.org/koa-compose/-/koa-compose-3.2.1.tgz",
          "integrity": "sha1-qFzLQLfZhtjlo0Wzoazo6rz1Tec=",
          "requires": {
            "any-promise": "^1.1.0"
          }
        }
      }
    },
    "koa-is-json": {
      "version": "1.0.0",
      "resolved": "https://registry.npmjs.org/koa-is-json/-/koa-is-json-1.0.0.tgz",
      "integrity": "sha1-JzwH7c3Ljfaiwat9We52SRRR7BQ="
    },
    "lodash.clone": {
      "version": "4.5.0",
      "resolved": "https://registry.npmjs.org/lodash.clone/-/lodash.clone-4.5.0.tgz",
      "integrity": "sha1-GVhwRQ9aExkkeN9Lw9I9LeoZB7Y="
    },
    "lodash.groupby": {
      "version": "4.6.0",
      "resolved": "https://registry.npmjs.org/lodash.groupby/-/lodash.groupby-4.6.0.tgz",
      "integrity": "sha1-Cwih3PaDl8OXhVwyOXg4Mt90A9E="
    },
    "lodash.isfunction": {
      "version": "3.0.9",
      "resolved": "https://registry.npmjs.org/lodash.isfunction/-/lodash.isfunction-3.0.9.tgz",
      "integrity": "sha512-AirXNj15uRIMMPihnkInB4i3NHeb4iBtNg9WRWuK2o31S+ePwwNmDPaTL3o7dTJ+VXNZim7rFs4rxN4YU1oUJw=="
    },
    "lodash.merge": {
      "version": "4.6.1",
      "resolved": "https://registry.npmjs.org/lodash.merge/-/lodash.merge-4.6.1.tgz",
      "integrity": "sha512-AOYza4+Hf5z1/0Hztxpm2/xiPZgi/cjMqdnKTUWTBSKchJlxXXuUSxCCl8rJlf4g6yww/j6mA8nC8Hw/EZWxKQ=="
    },
    "lodash.pick": {
      "version": "4.4.0",
      "resolved": "https://registry.npmjs.org/lodash.pick/-/lodash.pick-4.4.0.tgz",
      "integrity": "sha1-UvBWEP/53tQiYRRB7R/BI6AwAbM="
    },
    "lodash.topairsin": {
      "version": "4.3.0",
      "resolved": "https://registry.npmjs.org/lodash.topairsin/-/lodash.topairsin-4.3.0.tgz",
      "integrity": "sha1-Gmlm1GSEiY/KQlIihvFSmkOXrTs="
    },
    "loose-envify": {
      "version": "1.4.0",
      "resolved": "https://registry.npmjs.org/loose-envify/-/loose-envify-1.4.0.tgz",
      "integrity": "sha512-lyuxPGr/Wfhrlem2CL/UcnUc1zcqKAImBDzukY7Y5F/yQiNdko6+fRLevlw1HgMySw7f611UIY408EtxRSoK3Q==",
      "requires": {
        "js-tokens": "^3.0.0 || ^4.0.0"
      }
    },
    "lz-string": {
      "version": "1.4.4",
      "resolved": "https://registry.npmjs.org/lz-string/-/lz-string-1.4.4.tgz",
      "integrity": "sha1-wNjq82BZ9wV5bh40SBHPTEmNOiY="
    },
    "media-engine": {
      "version": "1.0.3",
      "resolved": "https://registry.npmjs.org/media-engine/-/media-engine-1.0.3.tgz",
      "integrity": "sha1-vjGI9s0kPqKkCASjXeWlsDL1ja0="
    },
    "media-typer": {
      "version": "0.3.0",
      "resolved": "https://registry.npmjs.org/media-typer/-/media-typer-0.3.0.tgz",
      "integrity": "sha1-hxDXrwqmJvj/+hzgAWhUUmMlV0g="
    },
    "mime-db": {
      "version": "1.38.0",
      "resolved": "https://registry.npmjs.org/mime-db/-/mime-db-1.38.0.tgz",
      "integrity": "sha512-bqVioMFFzc2awcdJZIzR3HjZFX20QhilVS7hytkKrv7xFAn8bM1gzc/FOX2awLISvWe0PV8ptFKcon+wZ5qYkg=="
    },
    "mime-types": {
      "version": "2.1.22",
      "resolved": "https://registry.npmjs.org/mime-types/-/mime-types-2.1.22.tgz",
      "integrity": "sha512-aGl6TZGnhm/li6F7yx82bJiBZwgiEa4Hf6CNr8YO+r5UHr53tSTYZb102zyU50DOWWKeOv0uQLRL0/9EiKWCog==",
      "requires": {
        "mime-db": "~1.38.0"
      }
    },
    "ms": {
      "version": "2.0.0",
      "resolved": "https://registry.npmjs.org/ms/-/ms-2.0.0.tgz",
      "integrity": "sha1-VgiurfwAvmwpAd9fmGF4jeDVl8g="
    },
    "negotiator": {
      "version": "0.6.1",
      "resolved": "https://registry.npmjs.org/negotiator/-/negotiator-0.6.1.tgz",
      "integrity": "sha1-KzJxhOiZIQEXeyhWP7XnECrNDKk="
    },
    "node-fetch": {
      "version": "2.3.0",
      "resolved": "https://registry.npmjs.org/node-fetch/-/node-fetch-2.3.0.tgz",
      "integrity": "sha512-MOd8pV3fxENbryESLgVIeaGKrdl+uaYhCSSVkjeOb/31/njTpcis5aWfdqgNlHIrKOLRbMnfPINPOML2CIFeXA=="
    },
    "object-assign": {
      "version": "4.1.1",
      "resolved": "https://registry.npmjs.org/object-assign/-/object-assign-4.1.1.tgz",
      "integrity": "sha1-IQmtx5ZYh8/AXLvUQsrIv7s2CGM="
    },
    "on-finished": {
      "version": "2.3.0",
      "resolved": "https://registry.npmjs.org/on-finished/-/on-finished-2.3.0.tgz",
      "integrity": "sha1-IPEzZIGwg811M3mSoWlxqi2QaUc=",
      "requires": {
        "ee-first": "1.1.1"
      }
    },
    "only": {
      "version": "0.0.2",
      "resolved": "https://registry.npmjs.org/only/-/only-0.0.2.tgz",
      "integrity": "sha1-Kv3oTQPlC5qO3EROMGEKcCle37Q="
    },
    "page-wrapping": {
      "version": "1.1.0",
      "resolved": "https://registry.npmjs.org/page-wrapping/-/page-wrapping-1.1.0.tgz",
      "integrity": "sha512-DAnqZJ3FHKLXVbdQfvGoHyZRFZL+N1IIZlo2RImFqrZ3scoFS8lOHZoLQxnYbsnCMQkwoEyESd0ZNs5RbEsArA=="
    },
    "pako": {
      "version": "0.2.9",
      "resolved": "https://registry.npmjs.org/pako/-/pako-0.2.9.tgz",
      "integrity": "sha1-8/dSL073gjSNqBYbrZ7P1Rv4OnU="
    },
    "parseurl": {
      "version": "1.3.2",
      "resolved": "https://registry.npmjs.org/parseurl/-/parseurl-1.3.2.tgz",
      "integrity": "sha1-/CidTtiZMRlGDBViUyYs3I3mW/M="
    },
    "prop-types": {
      "version": "15.7.2",
      "resolved": "https://registry.npmjs.org/prop-types/-/prop-types-15.7.2.tgz",
      "integrity": "sha512-8QQikdH7//R2vurIJSutZ1smHYTcLpRWEOlHnzcWHmBYrOGUysKwSsrC89BCiFj3CbrfJ/nXFdJepOVrY1GCHQ==",
      "requires": {
        "loose-envify": "^1.4.0",
        "object-assign": "^4.1.1",
        "react-is": "^16.8.1"
      }
    },
    "react": {
      "version": "16.8.4",
      "resolved": "https://registry.npmjs.org/react/-/react-16.8.4.tgz",
      "integrity": "sha512-0GQ6gFXfUH7aZcjGVymlPOASTuSjlQL4ZtVC5YKH+3JL6bBLCVO21DknzmaPlI90LN253ojj02nsapy+j7wIjg==",
      "requires": {
        "loose-envify": "^1.1.0",
        "object-assign": "^4.1.1",
        "prop-types": "^15.6.2",
        "scheduler": "^0.13.4"
      }
    },
    "react-is": {
      "version": "16.8.4",
      "resolved": "https://registry.npmjs.org/react-is/-/react-is-16.8.4.tgz",
      "integrity": "sha512-PVadd+WaUDOAciICm/J1waJaSvgq+4rHE/K70j0PFqKhkTBsPv/82UGQJNXAngz1fOQLLxI6z1sEDmJDQhCTAA=="
    },
    "react-reconciler": {
      "version": "0.19.1",
      "resolved": "https://registry.npmjs.org/react-reconciler/-/react-reconciler-0.19.1.tgz",
      "integrity": "sha512-zgzY3mLQ2CpQ9hP3tEZi6wlRW628V4WYiRigaSbrgvN013STZn3/N19p8pW4/dn4oCKapRuL7dycbtwRcOzE+w==",
      "requires": {
        "loose-envify": "^1.1.0",
        "object-assign": "^4.1.1",
        "prop-types": "^15.6.2",
        "scheduler": "^0.13.1"
      }
    },
    "regenerator-runtime": {
      "version": "0.11.1",
      "resolved": "https://registry.npmjs.org/regenerator-runtime/-/regenerator-runtime-0.11.1.tgz",
      "integrity": "sha512-MguG95oij0fC3QV3URf4V2SDYGJhJnJGqvIIgdECeODCT98wSWDAJ94SSuVpYQUoTcGUIL6L4yNB7j1DFFHSBg=="
    },
    "resolve": {
      "version": "1.1.7",
      "resolved": "https://registry.npmjs.org/resolve/-/resolve-1.1.7.tgz",
      "integrity": "sha1-IDEU2CrSxe2ejgQRs5ModeiJ6Xs="
    },
    "restructure": {
      "version": "0.5.4",
      "resolved": "https://registry.npmjs.org/restructure/-/restructure-0.5.4.tgz",
      "integrity": "sha1-9U591WNZD7NP1r9Vh2EJrsyyjeg=",
      "requires": {
        "browserify-optional": "^1.0.0"
      }
    },
    "safe-buffer": {
      "version": "5.1.2",
      "resolved": "https://registry.npmjs.org/safe-buffer/-/safe-buffer-5.1.2.tgz",
      "integrity": "sha512-Gd2UZBJDkXlY7GbJxfsE8/nvKkUEU1G38c1siN6QP6a9PT9MmHB8GnpscSmMJSoF8LOIrt8ud/wPtojys4G6+g=="
    },
    "scheduler": {
      "version": "0.13.4",
      "resolved": "https://registry.npmjs.org/scheduler/-/scheduler-0.13.4.tgz",
      "integrity": "sha512-cvSOlRPxOHs5dAhP9yiS/6IDmVAVxmk33f0CtTJRkmUWcb1Us+t7b1wqdzoC0REw2muC9V5f1L/w5R5uKGaepA==",
      "requires": {
        "loose-envify": "^1.1.0",
        "object-assign": "^4.1.1"
      }
    },
    "setprototypeof": {
      "version": "1.1.1",
      "resolved": "https://registry.npmjs.org/setprototypeof/-/setprototypeof-1.1.1.tgz",
      "integrity": "sha512-JvdAWfbXeIGaZ9cILp38HntZSFSo3mWg6xGcJJsd+d4aRMOqauag1C63dJfDw7OaMYwEbHMOxEZ1lqVRYP2OAw=="
    },
    "source-map": {
      "version": "0.1.43",
      "resolved": "https://registry.npmjs.org/source-map/-/source-map-0.1.43.tgz",
      "integrity": "sha1-wkvBRspRfBRx9drL4lcbK3+eM0Y=",
      "optional": true,
      "requires": {
        "amdefine": ">=0.0.4"
      }
    },
    "statuses": {
      "version": "1.5.0",
      "resolved": "https://registry.npmjs.org/statuses/-/statuses-1.5.0.tgz",
      "integrity": "sha1-Fhx9rBd2Wf2YEfQ3cfqZOBR4Yow="
    },
    "through": {
      "version": "2.3.8",
      "resolved": "https://registry.npmjs.org/through/-/through-2.3.8.tgz",
      "integrity": "sha1-DdTJ/6q8NXlgsbckEV1+Doai4fU="
    },
    "tiny-inflate": {
      "version": "1.0.2",
      "resolved": "https://registry.npmjs.org/tiny-inflate/-/tiny-inflate-1.0.2.tgz",
      "integrity": "sha1-k9nez/yIBb1X6uQxDwt0Xptvs6c="
    },
    "toidentifier": {
      "version": "1.0.0",
      "resolved": "https://registry.npmjs.org/toidentifier/-/toidentifier-1.0.0.tgz",
      "integrity": "sha512-yaOH/Pk/VEhBWWTlhI+qXxDFXlejDGcQipMlyxda9nthulaxLZUNcUqFxokp0vcYnvteJln5FNQDRrxj3YcbVw=="
    },
    "type-is": {
      "version": "1.6.16",
      "resolved": "https://registry.npmjs.org/type-is/-/type-is-1.6.16.tgz",
      "integrity": "sha512-HRkVv/5qY2G6I8iab9cI7v1bOIdhm94dVjQCPFElW9W+3GeDOSHmy2EBYe4VTApuzolPcmgFTN3ftVJRKR2J9Q==",
      "requires": {
        "media-typer": "0.3.0",
        "mime-types": "~2.1.18"
      }
    },
    "unicode-trie": {
      "version": "0.3.1",
      "resolved": "https://registry.npmjs.org/unicode-trie/-/unicode-trie-0.3.1.tgz",
      "integrity": "sha1-1nHd3YkQGgi6w3tqUWEBBgIFIIU=",
      "requires": {
        "pako": "^0.2.5",
        "tiny-inflate": "^1.0.0"
      }
    },
    "vary": {
      "version": "1.1.2",
      "resolved": "https://registry.npmjs.org/vary/-/vary-1.1.2.tgz",
      "integrity": "sha1-IpnwLG3tMNSllhsLn3RSShj2NPw="
    },
    "whatwg-fetch": {
      "version": "3.0.0",
      "resolved": "https://registry.npmjs.org/whatwg-fetch/-/whatwg-fetch-3.0.0.tgz",
      "integrity": "sha512-9GSJUgz1D4MfyKU7KRqwOjXCXTqWdFNvEr7eUBYchQiVc744mqK/MzXPNR2WsPkmkOa4ywfg8C2n8h+13Bey1Q=="
    },
    "ylru": {
      "version": "1.2.1",
      "resolved": "https://registry.npmjs.org/ylru/-/ylru-1.2.1.tgz",
      "integrity": "sha512-faQrqNMzcPCHGVC2aaOINk13K+aaBDUPjGWl0teOXywElLjyVAB6Oe2jj62jHYtwsU49jXhScYbvPENK+6zAvQ=="
    },
    "yoga-layout-prebuilt": {
      "version": "1.9.3",
      "resolved": "https://registry.npmjs.org/yoga-layout-prebuilt/-/yoga-layout-prebuilt-1.9.3.tgz",
      "integrity": "sha512-9SNQpwuEh2NucU83i2KMZnONVudZ86YNcFk9tq74YaqrQfgJWO3yB9uzH1tAg8iqh5c9F5j0wuyJ2z72wcum2w=="
    }
  }
}
